// !$*UTF8*$!
{
	archiveVersion = 1;
	classes = {
	};
	objectVersion = 50;
	objects = {

/* Begin PBXBuildFile section */
		BDD601592555392B007B1724 /* AppDelegate.swift in Sources */ = {isa = PBXBuildFile; fileRef = BDD601582555392B007B1724 /* AppDelegate.swift */; };
		BDD6015B2555392B007B1724 /* SceneDelegate.swift in Sources */ = {isa = PBXBuildFile; fileRef = BDD6015A2555392B007B1724 /* SceneDelegate.swift */; };
		BDD6015D2555392B007B1724 /* HomeVC.swift in Sources */ = {isa = PBXBuildFile; fileRef = BDD6015C2555392B007B1724 /* HomeVC.swift */; };
		BDD601602555392B007B1724 /* Main.storyboard in Resources */ = {isa = PBXBuildFile; fileRef = BDD6015E2555392B007B1724 /* Main.storyboard */; };
		BDD601622555392F007B1724 /* Assets.xcassets in Resources */ = {isa = PBXBuildFile; fileRef = BDD601612555392F007B1724 /* Assets.xcassets */; };
		BDD601652555392F007B1724 /* LaunchScreen.storyboard in Resources */ = {isa = PBXBuildFile; fileRef = BDD601632555392F007B1724 /* LaunchScreen.storyboard */; };
		BDD601702555392F007B1724 /* FireflyLoginTests.swift in Sources */ = {isa = PBXBuildFile; fileRef = BDD6016F2555392F007B1724 /* FireflyLoginTests.swift */; };
		BDD6017B25554812007B1724 /* UserStore.swift in Sources */ = {isa = PBXBuildFile; fileRef = BDD6017A25554812007B1724 /* UserStore.swift */; };
		BDD6017D25554B43007B1724 /* DetailVC.swift in Sources */ = {isa = PBXBuildFile; fileRef = BDD6017C25554B43007B1724 /* DetailVC.swift */; };
		BDD6017F25554BB9007B1724 /* Constants.swift in Sources */ = {isa = PBXBuildFile; fileRef = BDD6017E25554BB9007B1724 /* Constants.swift */; };
		BDD6018125555207007B1724 /* UIViewController.swift in Sources */ = {isa = PBXBuildFile; fileRef = BDD6018025555207007B1724 /* UIViewController.swift */; };
		BDD60187255560F9007B1724 /* String.swift in Sources */ = {isa = PBXBuildFile; fileRef = BDD60186255560F9007B1724 /* String.swift */; };
		BDD6019225569FFC007B1724 /* User.swift in Sources */ = {isa = PBXBuildFile; fileRef = BDD6019125569FFC007B1724 /* User.swift */; };
		BDD601942556A0ED007B1724 /* NetworkClient.swift in Sources */ = {isa = PBXBuildFile; fileRef = BDD601932556A0ED007B1724 /* NetworkClient.swift */; };
		BDD601982556C48A007B1724 /* userResponse.json in Resources */ = {isa = PBXBuildFile; fileRef = BDD601972556C48A007B1724 /* userResponse.json */; };
/* End PBXBuildFile section */

/* Begin PBXContainerItemProxy section */
		BDD6016C2555392F007B1724 /* PBXContainerItemProxy */ = {
			isa = PBXContainerItemProxy;
			containerPortal = BDD6014D2555392B007B1724 /* Project object */;
			proxyType = 1;
			remoteGlobalIDString = BDD601542555392B007B1724;
			remoteInfo = FireflyLogin;
		};
/* End PBXContainerItemProxy section */

/* Begin PBXFileReference section */
		BDD601552555392B007B1724 /* FireflyLogin.app */ = {isa = PBXFileReference; explicitFileType = wrapper.application; includeInIndex = 0; path = FireflyLogin.app; sourceTree = BUILT_PRODUCTS_DIR; };
		BDD601582555392B007B1724 /* AppDelegate.swift */ = {isa = PBXFileReference; lastKnownFileType = sourcecode.swift; path = AppDelegate.swift; sourceTree = "<group>"; };
		BDD6015A2555392B007B1724 /* SceneDelegate.swift */ = {isa = PBXFileReference; lastKnownFileType = sourcecode.swift; path = SceneDelegate.swift; sourceTree = "<group>"; };
		BDD6015C2555392B007B1724 /* HomeVC.swift */ = {isa = PBXFileReference; lastKnownFileType = sourcecode.swift; path = HomeVC.swift; sourceTree = "<group>"; };
		BDD6015F2555392B007B1724 /* Base */ = {isa = PBXFileReference; lastKnownFileType = file.storyboard; name = Base; path = Base.lproj/Main.storyboard; sourceTree = "<group>"; };
		BDD601612555392F007B1724 /* Assets.xcassets */ = {isa = PBXFileReference; lastKnownFileType = folder.assetcatalog; path = Assets.xcassets; sourceTree = "<group>"; };
		BDD601642555392F007B1724 /* Base */ = {isa = PBXFileReference; lastKnownFileType = file.storyboard; name = Base; path = Base.lproj/LaunchScreen.storyboard; sourceTree = "<group>"; };
		BDD601662555392F007B1724 /* Info.plist */ = {isa = PBXFileReference; lastKnownFileType = text.plist.xml; path = Info.plist; sourceTree = "<group>"; };
		BDD6016B2555392F007B1724 /* FireflyLoginTests.xctest */ = {isa = PBXFileReference; explicitFileType = wrapper.cfbundle; includeInIndex = 0; path = FireflyLoginTests.xctest; sourceTree = BUILT_PRODUCTS_DIR; };
		BDD6016F2555392F007B1724 /* FireflyLoginTests.swift */ = {isa = PBXFileReference; lastKnownFileType = sourcecode.swift; path = FireflyLoginTests.swift; sourceTree = "<group>"; };
		BDD601712555392F007B1724 /* Info.plist */ = {isa = PBXFileReference; lastKnownFileType = text.plist.xml; path = Info.plist; sourceTree = "<group>"; };
		BDD6017A25554812007B1724 /* UserStore.swift */ = {isa = PBXFileReference; lastKnownFileType = sourcecode.swift; path = UserStore.swift; sourceTree = "<group>"; };
		BDD6017C25554B43007B1724 /* DetailVC.swift */ = {isa = PBXFileReference; lastKnownFileType = sourcecode.swift; path = DetailVC.swift; sourceTree = "<group>"; };
		BDD6017E25554BB9007B1724 /* Constants.swift */ = {isa = PBXFileReference; lastKnownFileType = sourcecode.swift; path = Constants.swift; sourceTree = "<group>"; };
		BDD6018025555207007B1724 /* UIViewController.swift */ = {isa = PBXFileReference; lastKnownFileType = sourcecode.swift; path = UIViewController.swift; sourceTree = "<group>"; };
		BDD60186255560F9007B1724 /* String.swift */ = {isa = PBXFileReference; lastKnownFileType = sourcecode.swift; path = String.swift; sourceTree = "<group>"; };
		BDD6019125569FFC007B1724 /* User.swift */ = {isa = PBXFileReference; lastKnownFileType = sourcecode.swift; path = User.swift; sourceTree = "<group>"; };
		BDD601932556A0ED007B1724 /* NetworkClient.swift */ = {isa = PBXFileReference; lastKnownFileType = sourcecode.swift; path = NetworkClient.swift; sourceTree = "<group>"; };
		BDD601972556C48A007B1724 /* userResponse.json */ = {isa = PBXFileReference; fileEncoding = 4; lastKnownFileType = text.json; path = userResponse.json; sourceTree = "<group>"; };
/* End PBXFileReference section */

/* Begin PBXFrameworksBuildPhase section */
		BDD601522555392B007B1724 /* Frameworks */ = {
			isa = PBXFrameworksBuildPhase;
			buildActionMask = 2147483647;
			files = (
			);
			runOnlyForDeploymentPostprocessing = 0;
		};
		BDD601682555392F007B1724 /* Frameworks */ = {
			isa = PBXFrameworksBuildPhase;
			buildActionMask = 2147483647;
			files = (
			);
			runOnlyForDeploymentPostprocessing = 0;
		};
/* End PBXFrameworksBuildPhase section */

/* Begin PBXGroup section */
		BDD6014C2555392B007B1724 = {
			isa = PBXGroup;
			children = (
				BDD601572555392B007B1724 /* FireflyLogin */,
				BDD6016E2555392F007B1724 /* FireflyLoginTests */,
				BDD601562555392B007B1724 /* Products */,
			);
			sourceTree = "<group>";
		};
		BDD601562555392B007B1724 /* Products */ = {
			isa = PBXGroup;
			children = (
				BDD601552555392B007B1724 /* FireflyLogin.app */,
				BDD6016B2555392F007B1724 /* FireflyLoginTests.xctest */,
			);
			name = Products;
			sourceTree = "<group>";
		};
		BDD601572555392B007B1724 /* FireflyLogin */ = {
			isa = PBXGroup;
			children = (
				BDD601582555392B007B1724 /* AppDelegate.swift */,
				BDD6015A2555392B007B1724 /* SceneDelegate.swift */,
				BDD6015E2555392B007B1724 /* Main.storyboard */,
				BDD601972556C48A007B1724 /* userResponse.json */,
				BDD6019025556F15007B1724 /* Networking */,
				BDD6018325555B87007B1724 /* Utility */,
				BDD6018525555BA3007B1724 /* Model */,
				BDD6018425555B99007B1724 /* ViewControllers */,
				BDD6018225555B7D007B1724 /* Extensions */,
				BDD601612555392F007B1724 /* Assets.xcassets */,
				BDD601632555392F007B1724 /* LaunchScreen.storyboard */,
				BDD601662555392F007B1724 /* Info.plist */,
			);
			path = FireflyLogin;
			sourceTree = "<group>";
		};
		BDD6016E2555392F007B1724 /* FireflyLoginTests */ = {
			isa = PBXGroup;
			children = (
				BDD6016F2555392F007B1724 /* FireflyLoginTests.swift */,
				BDD601712555392F007B1724 /* Info.plist */,
			);
			path = FireflyLoginTests;
			sourceTree = "<group>";
		};
		BDD6018225555B7D007B1724 /* Extensions */ = {
			isa = PBXGroup;
			children = (
				BDD6018025555207007B1724 /* UIViewController.swift */,
				BDD60186255560F9007B1724 /* String.swift */,
			);
			path = Extensions;
			sourceTree = "<group>";
		};
		BDD6018325555B87007B1724 /* Utility */ = {
			isa = PBXGroup;
			children = (
				BDD6017E25554BB9007B1724 /* Constants.swift */,
			);
			path = Utility;
			sourceTree = "<group>";
		};
		BDD6018425555B99007B1724 /* ViewControllers */ = {
			isa = PBXGroup;
			children = (
				BDD6015C2555392B007B1724 /* HomeVC.swift */,
				BDD6017C25554B43007B1724 /* DetailVC.swift */,
			);
			path = ViewControllers;
			sourceTree = "<group>";
		};
		BDD6018525555BA3007B1724 /* Model */ = {
			isa = PBXGroup;
			children = (
				BDD6017A25554812007B1724 /* UserStore.swift */,
				BDD6019125569FFC007B1724 /* User.swift */,
			);
			path = Model;
			sourceTree = "<group>";
		};
		BDD6019025556F15007B1724 /* Networking */ = {
			isa = PBXGroup;
			children = (
				BDD601932556A0ED007B1724 /* NetworkClient.swift */,
			);
			path = Networking;
			sourceTree = "<group>";
		};
/* End PBXGroup section */

/* Begin PBXNativeTarget section */
		BDD601542555392B007B1724 /* FireflyLogin */ = {
			isa = PBXNativeTarget;
			buildConfigurationList = BDD601742555392F007B1724 /* Build configuration list for PBXNativeTarget "FireflyLogin" */;
			buildPhases = (
				BDD601512555392B007B1724 /* Sources */,
				BDD601522555392B007B1724 /* Frameworks */,
				BDD601532555392B007B1724 /* Resources */,
			);
			buildRules = (
			);
			dependencies = (
			);
			name = FireflyLogin;
			productName = FireflyLogin;
			productReference = BDD601552555392B007B1724 /* FireflyLogin.app */;
			productType = "com.apple.product-type.application";
		};
		BDD6016A2555392F007B1724 /* FireflyLoginTests */ = {
			isa = PBXNativeTarget;
			buildConfigurationList = BDD601772555392F007B1724 /* Build configuration list for PBXNativeTarget "FireflyLoginTests" */;
			buildPhases = (
				BDD601672555392F007B1724 /* Sources */,
				BDD601682555392F007B1724 /* Frameworks */,
				BDD601692555392F007B1724 /* Resources */,
			);
			buildRules = (
			);
			dependencies = (
				BDD6016D2555392F007B1724 /* PBXTargetDependency */,
			);
			name = FireflyLoginTests;
			productName = FireflyLoginTests;
			productReference = BDD6016B2555392F007B1724 /* FireflyLoginTests.xctest */;
			productType = "com.apple.product-type.bundle.unit-test";
		};
/* End PBXNativeTarget section */

/* Begin PBXProject section */
		BDD6014D2555392B007B1724 /* Project object */ = {
			isa = PBXProject;
			attributes = {
				LastSwiftUpdateCheck = 1150;
				LastUpgradeCheck = 1150;
				ORGANIZATIONNAME = "Rohan Aurora";
				TargetAttributes = {
					BDD601542555392B007B1724 = {
						CreatedOnToolsVersion = 11.5;
					};
					BDD6016A2555392F007B1724 = {
						CreatedOnToolsVersion = 11.5;
						TestTargetID = BDD601542555392B007B1724;
					};
				};
			};
			buildConfigurationList = BDD601502555392B007B1724 /* Build configuration list for PBXProject "FireflyLogin" */;
			compatibilityVersion = "Xcode 9.3";
			developmentRegion = en;
			hasScannedForEncodings = 0;
			knownRegions = (
				en,
				Base,
			);
			mainGroup = BDD6014C2555392B007B1724;
			productRefGroup = BDD601562555392B007B1724 /* Products */;
			projectDirPath = "";
			projectRoot = "";
			targets = (
				BDD601542555392B007B1724 /* FireflyLogin */,
				BDD6016A2555392F007B1724 /* FireflyLoginTests */,
			);
		};
/* End PBXProject section */

/* Begin PBXResourcesBuildPhase section */
		BDD601532555392B007B1724 /* Resources */ = {
			isa = PBXResourcesBuildPhase;
			buildActionMask = 2147483647;
			files = (
				BDD601652555392F007B1724 /* LaunchScreen.storyboard in Resources */,
				BDD601622555392F007B1724 /* Assets.xcassets in Resources */,
				BDD601602555392B007B1724 /* Main.storyboard in Resources */,
				BDD601982556C48A007B1724 /* userResponse.json in Resources */,
			);
			runOnlyForDeploymentPostprocessing = 0;
		};
		BDD601692555392F007B1724 /* Resources */ = {
			isa = PBXResourcesBuildPhase;
			buildActionMask = 2147483647;
			files = (
			);
			runOnlyForDeploymentPostprocessing = 0;
		};
/* End PBXResourcesBuildPhase section */

/* Begin PBXSourcesBuildPhase section */
		BDD601512555392B007B1724 /* Sources */ = {
			isa = PBXSourcesBuildPhase;
			buildActionMask = 2147483647;
			files = (
				BDD6018125555207007B1724 /* UIViewController.swift in Sources */,
				BDD601942556A0ED007B1724 /* NetworkClient.swift in Sources */,
				BDD6017D25554B43007B1724 /* DetailVC.swift in Sources */,
				BDD6017B25554812007B1724 /* UserStore.swift in Sources */,
				BDD6015D2555392B007B1724 /* HomeVC.swift in Sources */,
				BDD601592555392B007B1724 /* AppDelegate.swift in Sources */,
				BDD6015B2555392B007B1724 /* SceneDelegate.swift in Sources */,
				BDD60187255560F9007B1724 /* String.swift in Sources */,
				BDD6019225569FFC007B1724 /* User.swift in Sources */,
				BDD6017F25554BB9007B1724 /* Constants.swift in Sources */,
			);
			runOnlyForDeploymentPostprocessing = 0;
		};
		BDD601672555392F007B1724 /* Sources */ = {
			isa = PBXSourcesBuildPhase;
			buildActionMask = 2147483647;
			files = (
				BDD601702555392F007B1724 /* FireflyLoginTests.swift in Sources */,
			);
			runOnlyForDeploymentPostprocessing = 0;
		};
/* End PBXSourcesBuildPhase section */

/* Begin PBXTargetDependency section */
		BDD6016D2555392F007B1724 /* PBXTargetDependency */ = {
			isa = PBXTargetDependency;
			target = BDD601542555392B007B1724 /* FireflyLogin */;
			targetProxy = BDD6016C2555392F007B1724 /* PBXContainerItemProxy */;
		};
/* End PBXTargetDependency section */

/* Begin PBXVariantGroup section */
		BDD6015E2555392B007B1724 /* Main.storyboard */ = {
			isa = PBXVariantGroup;
			children = (
				BDD6015F2555392B007B1724 /* Base */,
			);
			name = Main.storyboard;
			sourceTree = "<group>";
		};
		BDD601632555392F007B1724 /* LaunchScreen.storyboard */ = {
			isa = PBXVariantGroup;
			children = (
				BDD601642555392F007B1724 /* Base */,
			);
			name = LaunchScreen.storyboard;
			sourceTree = "<group>";
		};
/* End PBXVariantGroup section */

/* Begin XCBuildConfiguration section */
		BDD601722555392F007B1724 /* Debug */ = {
			isa = XCBuildConfiguration;
			buildSettings = {
				ALWAYS_SEARCH_USER_PATHS = NO;
				CLANG_ANALYZER_NONNULL = YES;
				CLANG_ANALYZER_NUMBER_OBJECT_CONVERSION = YES_AGGRESSIVE;
				CLANG_CXX_LANGUAGE_STANDARD = "gnu++14";
				CLANG_CXX_LIBRARY = "libc++";
				CLANG_ENABLE_MODULES = YES;
				CLANG_ENABLE_OBJC_ARC = YES;
				CLANG_ENABLE_OBJC_WEAK = YES;
				CLANG_WARN_BLOCK_CAPTURE_AUTORELEASING = YES;
				CLANG_WARN_BOOL_CONVERSION = YES;
				CLANG_WARN_COMMA = YES;
				CLANG_WARN_CONSTANT_CONVERSION = YES;
				CLANG_WARN_DEPRECATED_OBJC_IMPLEMENTATIONS = YES;
				CLANG_WARN_DIRECT_OBJC_ISA_USAGE = YES_ERROR;
				CLANG_WARN_DOCUMENTATION_COMMENTS = YES;
				CLANG_WARN_EMPTY_BODY = YES;
				CLANG_WARN_ENUM_CONVERSION = YES;
				CLANG_WARN_INFINITE_RECURSION = YES;
				CLANG_WARN_INT_CONVERSION = YES;
				CLANG_WARN_NON_LITERAL_NULL_CONVERSION = YES;
				CLANG_WARN_OBJC_IMPLICIT_RETAIN_SELF = YES;
				CLANG_WARN_OBJC_LITERAL_CONVERSION = YES;
				CLANG_WARN_OBJC_ROOT_CLASS = YES_ERROR;
				CLANG_WARN_RANGE_LOOP_ANALYSIS = YES;
				CLANG_WARN_STRICT_PROTOTYPES = YES;
				CLANG_WARN_SUSPICIOUS_MOVE = YES;
				CLANG_WARN_UNGUARDED_AVAILABILITY = YES_AGGRESSIVE;
				CLANG_WARN_UNREACHABLE_CODE = YES;
				CLANG_WARN__DUPLICATE_METHOD_MATCH = YES;
				COPY_PHASE_STRIP = NO;
				DEBUG_INFORMATION_FORMAT = dwarf;
				ENABLE_STRICT_OBJC_MSGSEND = YES;
				ENABLE_TESTABILITY = YES;
				GCC_C_LANGUAGE_STANDARD = gnu11;
				GCC_DYNAMIC_NO_PIC = NO;
				GCC_NO_COMMON_BLOCKS = YES;
				GCC_OPTIMIZATION_LEVEL = 0;
				GCC_PREPROCESSOR_DEFINITIONS = (
					"DEBUG=1",
					"$(inherited)",
				);
				GCC_WARN_64_TO_32_BIT_CONVERSION = YES;
				GCC_WARN_ABOUT_RETURN_TYPE = YES_ERROR;
				GCC_WARN_UNDECLARED_SELECTOR = YES;
				GCC_WARN_UNINITIALIZED_AUTOS = YES_AGGRESSIVE;
				GCC_WARN_UNUSED_FUNCTION = YES;
				GCC_WARN_UNUSED_VARIABLE = YES;
				IPHONEOS_DEPLOYMENT_TARGET = 13.5;
				MTL_ENABLE_DEBUG_INFO = INCLUDE_SOURCE;
				MTL_FAST_MATH = YES;
				ONLY_ACTIVE_ARCH = YES;
				SDKROOT = iphoneos;
				SWIFT_ACTIVE_COMPILATION_CONDITIONS = DEBUG;
				SWIFT_OPTIMIZATION_LEVEL = "-Onone";
			};
			name = Debug;
		};
		BDD601732555392F007B1724 /* Release */ = {
			isa = XCBuildConfiguration;
			buildSettings = {
				ALWAYS_SEARCH_USER_PATHS = NO;
				CLANG_ANALYZER_NONNULL = YES;
				CLANG_ANALYZER_NUMBER_OBJECT_CONVERSION = YES_AGGRESSIVE;
				CLANG_CXX_LANGUAGE_STANDARD = "gnu++14";
				CLANG_CXX_LIBRARY = "libc++";
				CLANG_ENABLE_MODULES = YES;
				CLANG_ENABLE_OBJC_ARC = YES;
				CLANG_ENABLE_OBJC_WEAK = YES;
				CLANG_WARN_BLOCK_CAPTURE_AUTORELEASING = YES;
				CLANG_WARN_BOOL_CONVERSION = YES;
				CLANG_WARN_COMMA = YES;
				CLANG_WARN_CONSTANT_CONVERSION = YES;
				CLANG_WARN_DEPRECATED_OBJC_IMPLEMENTATIONS = YES;
				CLANG_WARN_DIRECT_OBJC_ISA_USAGE = YES_ERROR;
				CLANG_WARN_DOCUMENTATION_COMMENTS = YES;
				CLANG_WARN_EMPTY_BODY = YES;
				CLANG_WARN_ENUM_CONVERSION = YES;
				CLANG_WARN_INFINITE_RECURSION = YES;
				CLANG_WARN_INT_CONVERSION = YES;
				CLANG_WARN_NON_LITERAL_NULL_CONVERSION = YES;
				CLANG_WARN_OBJC_IMPLICIT_RETAIN_SELF = YES;
				CLANG_WARN_OBJC_LITERAL_CONVERSION = YES;
				CLANG_WARN_OBJC_ROOT_CLASS = YES_ERROR;
				CLANG_WARN_RANGE_LOOP_ANALYSIS = YES;
				CLANG_WARN_STRICT_PROTOTYPES = YES;
				CLANG_WARN_SUSPICIOUS_MOVE = YES;
				CLANG_WARN_UNGUARDED_AVAILABILITY = YES_AGGRESSIVE;
				CLANG_WARN_UNREACHABLE_CODE = YES;
				CLANG_WARN__DUPLICATE_METHOD_MATCH = YES;
				COPY_PHASE_STRIP = NO;
				DEBUG_INFORMATION_FORMAT = "dwarf-with-dsym";
				ENABLE_NS_ASSERTIONS = NO;
				ENABLE_STRICT_OBJC_MSGSEND = YES;
				GCC_C_LANGUAGE_STANDARD = gnu11;
				GCC_NO_COMMON_BLOCKS = YES;
				GCC_WARN_64_TO_32_BIT_CONVERSION = YES;
				GCC_WARN_ABOUT_RETURN_TYPE = YES_ERROR;
				GCC_WARN_UNDECLARED_SELECTOR = YES;
				GCC_WARN_UNINITIALIZED_AUTOS = YES_AGGRESSIVE;
				GCC_WARN_UNUSED_FUNCTION = YES;
				GCC_WARN_UNUSED_VARIABLE = YES;
				IPHONEOS_DEPLOYMENT_TARGET = 13.5;
				MTL_ENABLE_DEBUG_INFO = NO;
				MTL_FAST_MATH = YES;
				SDKROOT = iphoneos;
				SWIFT_COMPILATION_MODE = wholemodule;
				SWIFT_OPTIMIZATION_LEVEL = "-O";
				VALIDATE_PRODUCT = YES;
			};
			name = Release;
		};
		BDD601752555392F007B1724 /* Debug */ = {
			isa = XCBuildConfiguration;
			buildSettings = {
				ASSETCATALOG_COMPILER_APPICON_NAME = AppIcon;
				CODE_SIGN_STYLE = Automatic;
				INFOPLIST_FILE = FireflyLogin/Info.plist;
				LD_RUNPATH_SEARCH_PATHS = (
					"$(inherited)",
					"@executable_path/Frameworks",
				);
				PRODUCT_BUNDLE_IDENTIFIER = com.rohanaurora.FireflyLogin;
				PRODUCT_NAME = "$(TARGET_NAME)";
				SWIFT_VERSION = 5.0;
				TARGETED_DEVICE_FAMILY = "1,2";
			};
			name = Debug;
		};
		BDD601762555392F007B1724 /* Release */ = {
			isa = XCBuildConfiguration;
			buildSettings = {
				ASSETCATALOG_COMPILER_APPICON_NAME = AppIcon;
				CODE_SIGN_STYLE = Automatic;
				INFOPLIST_FILE = FireflyLogin/Info.plist;
				LD_RUNPATH_SEARCH_PATHS = (
					"$(inherited)",
					"@executable_path/Frameworks",
				);
				PRODUCT_BUNDLE_IDENTIFIER = com.rohanaurora.FireflyLogin;
				PRODUCT_NAME = "$(TARGET_NAME)";
				SWIFT_VERSION = 5.0;
				TARGETED_DEVICE_FAMILY = "1,2";
			};
			name = Release;
		};
		BDD601782555392F007B1724 /* Debug */ = {
			isa = XCBuildConfiguration;
			buildSettings = {
				ALWAYS_EMBED_SWIFT_STANDARD_LIBRARIES = YES;
				BUNDLE_LOADER = "$(TEST_HOST)";
				CODE_SIGN_STYLE = Automatic;
				INFOPLIST_FILE = FireflyLoginTests/Info.plist;
				IPHONEOS_DEPLOYMENT_TARGET = 13.5;
				LD_RUNPATH_SEARCH_PATHS = (
					"$(inherited)",
					"@executable_path/Frameworks",
					"@loader_path/Frameworks",
				);
				PRODUCT_BUNDLE_IDENTIFIER = com.rohanaurora.FireflyLoginTests;
				PRODUCT_NAME = "$(TARGET_NAME)";
				SWIFT_VERSION = 5.0;
				TARGETED_DEVICE_FAMILY = "1,2";
				TEST_HOST = "$(BUILT_PRODUCTS_DIR)/FireflyLogin.app/FireflyLogin";
			};
			name = Debug;
		};
		BDD601792555392F007B1724 /* Release */ = {
			isa = XCBuildConfiguration;
			buildSettings = {
				ALWAYS_EMBED_SWIFT_STANDARD_LIBRARIES = YES;
				BUNDLE_LOADER = "$(TEST_HOST)";
				CODE_SIGN_STYLE = Automatic;
				INFOPLIST_FILE = FireflyLoginTests/Info.plist;
				IPHONEOS_DEPLOYMENT_TARGET = 13.5;
				LD_RUNPATH_SEARCH_PATHS = (
					"$(inherited)",
					"@executable_path/Frameworks",
					"@loader_path/Frameworks",
				);
				PRODUCT_BUNDLE_IDENTIFIER = com.rohanaurora.FireflyLoginTests;
				PRODUCT_NAME = "$(TARGET_NAME)";
				SWIFT_VERSION = 5.0;
				TARGETED_DEVICE_FAMILY = "1,2";
				TEST_HOST = "$(BUILT_PRODUCTS_DIR)/FireflyLogin.app/FireflyLogin";
			};
			name = Release;
		};
/* End XCBuildConfiguration section */

/* Begin XCConfigurationList section */
		BDD601502555392B007B1724 /* Build configuration list for PBXProject "FireflyLogin" */ = {
			isa = XCConfigurationList;
			buildConfigurations = (
				BDD601722555392F007B1724 /* Debug */,
				BDD601732555392F007B1724 /* Release */,
			);
			defaultConfigurationIsVisible = 0;
			defaultConfigurationName = Release;
		};
		BDD601742555392F007B1724 /* Build configuration list for PBXNativeTarget "FireflyLogin" */ = {
			isa = XCConfigurationList;
			buildConfigurations = (
				BDD601752555392F007B1724 /* Debug */,
				BDD601762555392F007B1724 /* Release */,
			);
			defaultConfigurationIsVisible = 0;
			defaultConfigurationName = Release;
		};
		BDD601772555392F007B1724 /* Build configuration list for PBXNativeTarget "FireflyLoginTests" */ = {
			isa = XCConfigurationList;
			buildConfigurations = (
				BDD601782555392F007B1724 /* Debug */,
				BDD601792555392F007B1724 /* Release */,
			);
			defaultConfigurationIsVisible = 0;
			defaultConfigurationName = Release;
		};
/* End XCConfigurationList section */
	};
	rootObject = BDD6014D2555392B007B1724 /* Project object */;
}
